
Microsoft Visual Studio Solution File, Format Version 12.00
# Visual Studio Version 17
VisualStudioVersion = 17.5.002.0
MinimumVisualStudioVersion = 10.0.40219.1
Project("{9A19103F-16F7-4668-BE54-9A1E7A4F7556}") = "calculadora algoritimos", "calculadora algoritimos.csproj", "{1850D8D8-6227-4510-AEA1-48B3549490E7}"
EndProject
Global
	GlobalSection(SolutionConfigurationPlatforms) = preSolution
		Debug|Any CPU = Debug|Any CPU
		Release|Any CPU = Release|Any CPU
	EndGlobalSection
	GlobalSection(ProjectConfigurationPlatforms) = postSolution
		{1850D8D8-6227-4510-AEA1-48B3549490E7}.Debug|Any CPU.ActiveCfg = Debug|Any CPU
		{1850D8D8-6227-4510-AEA1-48B3549490E7}.Debug|Any CPU.Build.0 = Debug|Any CPU
		{1850D8D8-6227-4510-AEA1-48B3549490E7}.Release|Any CPU.ActiveCfg = Release|Any CPU
		{1850D8D8-6227-4510-AEA1-48B3549490E7}.Release|Any CPU.Build.0 = Release|Any CPU
	EndGlobalSection
	GlobalSection(SolutionProperties) = preSolution
		HideSolutionNode = FALSE
	EndGlobalSection
	GlobalSection(ExtensibilityGlobals) = postSolution
		SolutionGuid = {4E6160F1-05AE-4D42-A387-589C1D0B60B8}
	EndGlobalSection
EndGlobal
